
Microsoft Visual Studio Solution File, Format Version 12.00
# Visual Studio 15
VisualStudioVersion = 15.0.28010.2003
MinimumVisualStudioVersion = 10.0.40219.1
Project("{FAE04EC0-301F-11D3-BF4B-00C04F79EFBC}") = "DotMemoryUnitTests", "DotMemoryUnitTests\DotMemoryUnitTests.csproj", "{56F0C694-2D0F-48DE-B88A-C49C615B82AD}"
EndProject
Global
	GlobalSection(SolutionConfigurationPlatforms) = preSolution
		Debug|Any CPU = Debug|Any CPU
		Release|Any CPU = Release|Any CPU
	EndGlobalSection
	GlobalSection(ProjectConfigurationPlatforms) = postSolution
		{56F0C694-2D0F-48DE-B88A-C49C615B82AD}.Debug|Any CPU.ActiveCfg = Debug|Any CPU
		{56F0C694-2D0F-48DE-B88A-C49C615B82AD}.Debug|Any CPU.Build.0 = Debug|Any CPU
		{56F0C694-2D0F-48DE-B88A-C49C615B82AD}.Release|Any CPU.ActiveCfg = Release|Any CPU
		{56F0C694-2D0F-48DE-B88A-C49C615B82AD}.Release|Any CPU.Build.0 = Release|Any CPU
	EndGlobalSection
	GlobalSection(SolutionProperties) = preSolution
		HideSolutionNode = FALSE
	EndGlobalSection
	GlobalSection(ExtensibilityGlobals) = postSolution
		SolutionGuid = {C6DDA65E-EB4F-4039-AF5E-53613859BE50}
	EndGlobalSection
EndGlobal
